
Microsoft Visual Studio Solution File, Format Version 12.00
# Visual Studio Version 17
VisualStudioVersion = 17.4.33403.182
MinimumVisualStudioVersion = 10.0.40219.1
Project("{9A19103F-16F7-4668-BE54-9A1E7A4F7556}") = "TimeTracker.DAL", "TimeTracker.DAL\TimeTracker.DAL.csproj", "{1618DED9-EF18-462C-AF92-7B46422E8BA8}"
EndProject
Project("{9A19103F-16F7-4668-BE54-9A1E7A4F7556}") = "TimeTracker.DAL.Tests", "TimeTracker.DAL.Tests\TimeTracker.DAL.Tests.csproj", "{AF37CC5D-88FE-4BE7-9037-6902880607C0}"
EndProject
Project("{9A19103F-16F7-4668-BE54-9A1E7A4F7556}") = "TimeTracker.Common", "TimeTracker.Common\TimeTracker.Common.csproj", "{E7F54329-4F37-4BC7-A4BA-65A5FC5C44DF}"
EndProject
Project("{9A19103F-16F7-4668-BE54-9A1E7A4F7556}") = "TimeTracker.Common.Tests", "TimeTracker.Common.Tests\TimeTracker.Common.Tests.csproj", "{FBE3F55C-D101-4557-AAF6-C6AD09279401}"
EndProject
Project("{9A19103F-16F7-4668-BE54-9A1E7A4F7556}") = "TimeTracker.BL", "TimeTracker.BL\TimeTracker.BL.csproj", "{361AADD7-B542-4B2E-874F-F2C8EE0F37B5}"
EndProject
Project("{9A19103F-16F7-4668-BE54-9A1E7A4F7556}") = "TimeTracker.BL.Tests", "TimeTracker.BL.Tests\TimeTracker.BL.Tests.csproj", "{E52F447F-1BC1-403A-86BD-2AE532A25965}"
EndProject
Project("{FAE04EC0-301F-11D3-BF4B-00C04F79EFBC}") = "TimeTracker.App", "TimeTracker.App\TimeTracker.App.csproj", "{BFD06151-2D70-4E2B-8A6D-3051FBE3B62D}"
EndProject
Global
	GlobalSection(SolutionConfigurationPlatforms) = preSolution
		Debug|Any CPU = Debug|Any CPU
		Release|Any CPU = Release|Any CPU
	EndGlobalSection
	GlobalSection(ProjectConfigurationPlatforms) = postSolution
		{1618DED9-EF18-462C-AF92-7B46422E8BA8}.Debug|Any CPU.ActiveCfg = Debug|Any CPU
		{1618DED9-EF18-462C-AF92-7B46422E8BA8}.Debug|Any CPU.Build.0 = Debug|Any CPU
		{1618DED9-EF18-462C-AF92-7B46422E8BA8}.Release|Any CPU.ActiveCfg = Release|Any CPU
		{1618DED9-EF18-462C-AF92-7B46422E8BA8}.Release|Any CPU.Build.0 = Release|Any CPU
		{AF37CC5D-88FE-4BE7-9037-6902880607C0}.Debug|Any CPU.ActiveCfg = Debug|Any CPU
		{AF37CC5D-88FE-4BE7-9037-6902880607C0}.Debug|Any CPU.Build.0 = Debug|Any CPU
		{AF37CC5D-88FE-4BE7-9037-6902880607C0}.Release|Any CPU.ActiveCfg = Release|Any CPU
		{AF37CC5D-88FE-4BE7-9037-6902880607C0}.Release|Any CPU.Build.0 = Release|Any CPU
		{E7F54329-4F37-4BC7-A4BA-65A5FC5C44DF}.Debug|Any CPU.ActiveCfg = Debug|Any CPU
		{E7F54329-4F37-4BC7-A4BA-65A5FC5C44DF}.Debug|Any CPU.Build.0 = Debug|Any CPU
		{E7F54329-4F37-4BC7-A4BA-65A5FC5C44DF}.Release|Any CPU.ActiveCfg = Release|Any CPU
		{E7F54329-4F37-4BC7-A4BA-65A5FC5C44DF}.Release|Any CPU.Build.0 = Release|Any CPU
		{FBE3F55C-D101-4557-AAF6-C6AD09279401}.Debug|Any CPU.ActiveCfg = Debug|Any CPU
		{FBE3F55C-D101-4557-AAF6-C6AD09279401}.Debug|Any CPU.Build.0 = Debug|Any CPU
		{FBE3F55C-D101-4557-AAF6-C6AD09279401}.Release|Any CPU.ActiveCfg = Release|Any CPU
		{FBE3F55C-D101-4557-AAF6-C6AD09279401}.Release|Any CPU.Build.0 = Release|Any CPU
		{361AADD7-B542-4B2E-874F-F2C8EE0F37B5}.Debug|Any CPU.ActiveCfg = Debug|Any CPU
		{361AADD7-B542-4B2E-874F-F2C8EE0F37B5}.Debug|Any CPU.Build.0 = Debug|Any CPU
		{361AADD7-B542-4B2E-874F-F2C8EE0F37B5}.Release|Any CPU.ActiveCfg = Release|Any CPU
		{361AADD7-B542-4B2E-874F-F2C8EE0F37B5}.Release|Any CPU.Build.0 = Release|Any CPU
		{E52F447F-1BC1-403A-86BD-2AE532A25965}.Debug|Any CPU.ActiveCfg = Debug|Any CPU
		{E52F447F-1BC1-403A-86BD-2AE532A25965}.Debug|Any CPU.Build.0 = Debug|Any CPU
		{E52F447F-1BC1-403A-86BD-2AE532A25965}.Release|Any CPU.ActiveCfg = Release|Any CPU
		{E52F447F-1BC1-403A-86BD-2AE532A25965}.Release|Any CPU.Build.0 = Release|Any CPU
		{BFD06151-2D70-4E2B-8A6D-3051FBE3B62D}.Debug|Any CPU.ActiveCfg = Debug|Any CPU
		{BFD06151-2D70-4E2B-8A6D-3051FBE3B62D}.Debug|Any CPU.Build.0 = Debug|Any CPU
		{BFD06151-2D70-4E2B-8A6D-3051FBE3B62D}.Debug|Any CPU.Deploy.0 = Debug|Any CPU
		{BFD06151-2D70-4E2B-8A6D-3051FBE3B62D}.Release|Any CPU.ActiveCfg = Release|Any CPU
		{BFD06151-2D70-4E2B-8A6D-3051FBE3B62D}.Release|Any CPU.Build.0 = Release|Any CPU
		{BFD06151-2D70-4E2B-8A6D-3051FBE3B62D}.Release|Any CPU.Deploy.0 = Release|Any CPU
	EndGlobalSection
	GlobalSection(SolutionProperties) = preSolution
		HideSolutionNode = FALSE
	EndGlobalSection
	GlobalSection(ExtensibilityGlobals) = postSolution
		SolutionGuid = {E555BB57-4C73-402D-9AA3-367FDC2C2FD2}
	EndGlobalSection
EndGlobal
